# THIS IS AN AUTOGENERATED FILE. DO NOT EDIT THIS FILE DIRECTLY.
# yarn lockfile v1


argparse@^2.0.1:
  version "2.0.1"
  resolved "https://registry.yarnpkg.com/argparse/-/argparse-2.0.1.tgz#246f50f3ca78a3240f6c997e8a9bd1eac49e4b38"
  integrity sha512-8+9WqebbFzpX9OR+Wa6O29asIogeRMzcGtAINdpMHHyAg10f05aSFVBbcEqGf/PXw1EjAZ+q2/bEBg3DvurK3Q==

js-yaml@^4.1.0:
  version "4.1.0"
  resolved "https://registry.yarnpkg.com/js-yaml/-/js-yaml-4.1.0.tgz#c1fb65f8f5017901cdd2c951864ba18458a10602"
  integrity sha512-wpxZs9NoxZaJESJGIZTyDEaYpl0FKSA+FB9aJiyemKhMwkxQg63h4T1KJgUGHpTqPDNRcmmYLugrRjJlBtWvRA==
  dependencies:
    argparse "^2.0.1"

node-device-detector@^1.4.2:
  version "1.4.2"
  resolved "https://registry.yarnpkg.com/node-device-detector/-/node-device-detector-1.4.2.tgz#0cb75f67f68669330331151c20c1b0fdd8b5ddf8"
  integrity sha512-CHbNrpX0DX0mjRxYKp+oMdcIErUe/s9968rDxAlsDss+8pOenExy6bLo0wpZW9dwKjc5tVXTp6vF8HAsl4UC2g==
  dependencies:
    js-yaml "^4.1.0"

uWebSockets.js@uNetworking/uWebSockets.js#v19.3.0:
  version "19.3.0"
  resolved "https://codeload.github.com/uNetworking/uWebSockets.js/tar.gz/7bf0faac5859fef2d113e83d22803f7833774c11"
